
Microsoft Visual Studio Solution File, Format Version 12.00
# Visual Studio Version 17
VisualStudioVersion = 17.5.002.0
MinimumVisualStudioVersion = 10.0.40219.1
Project("{9A19103F-16F7-4668-BE54-9A1E7A4F7556}") = "TheSortingArena", "TheSortingArena.csproj", "{F6BCA66F-5DA3-484C-8B2F-F2961D5B7B05}"
EndProject
Global
	GlobalSection(SolutionConfigurationPlatforms) = preSolution
		Debug|Any CPU = Debug|Any CPU
		Release|Any CPU = Release|Any CPU
	EndGlobalSection
	GlobalSection(ProjectConfigurationPlatforms) = postSolution
		{F6BCA66F-5DA3-484C-8B2F-F2961D5B7B05}.Debug|Any CPU.ActiveCfg = Debug|Any CPU
		{F6BCA66F-5DA3-484C-8B2F-F2961D5B7B05}.Debug|Any CPU.Build.0 = Debug|Any CPU
		{F6BCA66F-5DA3-484C-8B2F-F2961D5B7B05}.Release|Any CPU.ActiveCfg = Release|Any CPU
		{F6BCA66F-5DA3-484C-8B2F-F2961D5B7B05}.Release|Any CPU.Build.0 = Release|Any CPU
	EndGlobalSection
	GlobalSection(SolutionProperties) = preSolution
		HideSolutionNode = FALSE
	EndGlobalSection
	GlobalSection(ExtensibilityGlobals) = postSolution
		SolutionGuid = {E8822A7C-EA8E-4475-9CC8-05CC3C01C87F}
	EndGlobalSection
EndGlobal
